
Microsoft Visual Studio Solution File, Format Version 12.00
# Visual Studio Version 17
VisualStudioVersion = 17.0.32014.148
MinimumVisualStudioVersion = 10.0.40219.1
Project("{FAE04EC0-301F-11D3-BF4B-00C04F79EFBC}") = "Titanfall2-SkinTool", "Titanfall2-SkinTool.csproj", "{0F381A90-5816-4B97-A121-BD4B08AE1E75}"
EndProject
Global
	GlobalSection(SolutionConfigurationPlatforms) = preSolution
		Debug|Any CPU = Debug|Any CPU
		Release|Any CPU = Release|Any CPU
	EndGlobalSection
	GlobalSection(ProjectConfigurationPlatforms) = postSolution
		{0F381A90-5816-4B97-A121-BD4B08AE1E75}.Debug|Any CPU.ActiveCfg = Debug|Any CPU
		{0F381A90-5816-4B97-A121-BD4B08AE1E75}.Debug|Any CPU.Build.0 = Debug|Any CPU
		{0F381A90-5816-4B97-A121-BD4B08AE1E75}.Release|Any CPU.ActiveCfg = Release|Any CPU
		{0F381A90-5816-4B97-A121-BD4B08AE1E75}.Release|Any CPU.Build.0 = Release|Any CPU
	EndGlobalSection
	GlobalSection(SolutionProperties) = preSolution
		HideSolutionNode = FALSE
	EndGlobalSection
	GlobalSection(ExtensibilityGlobals) = postSolution
		SolutionGuid = {48E1184E-1B35-4D4B-829E-24E73AD10F6B}
	EndGlobalSection
EndGlobal
